// !$*UTF8*$!
{
	archiveVersion = 1;
	classes = {
	};
	objectVersion = 77;
	objects = {

/* Begin PBXContainerItemProxy section */
		FABDD9AB2EABF24A00E2341A /* PBXContainerItemProxy */ = {
			isa = PBXContainerItemProxy;
			containerPortal = FABDD9922EABF24900E2341A /* Project object */;
			proxyType = 1;
			remoteGlobalIDString = FABDD9992EABF24900E2341A;
			remoteInfo = QuotesViewe_MVVVM;
		};
		FABDD9B52EABF24A00E2341A /* PBXContainerItemProxy */ = {
			isa = PBXContainerItemProxy;
			containerPortal = FABDD9922EABF24900E2341A /* Project object */;
			proxyType = 1;
			remoteGlobalIDString = FABDD9992EABF24900E2341A;
			remoteInfo = QuotesViewe_MVVVM;
		};
/* End PBXContainerItemProxy section */

/* Begin PBXFileReference section */
		FABDD99A2EABF24900E2341A /* QuotesViewe_MVVVM.app */ = {isa = PBXFileReference; explicitFileType = wrapper.application; includeInIndex = 0; path = QuotesViewe_MVVVM.app; sourceTree = BUILT_PRODUCTS_DIR; };
		FABDD9AA2EABF24A00E2341A /* QuotesViewe_MVVVMTests.xctest */ = {isa = PBXFileReference; explicitFileType = wrapper.cfbundle; includeInIndex = 0; path = QuotesViewe_MVVVMTests.xctest; sourceTree = BUILT_PRODUCTS_DIR; };
		FABDD9B42EABF24A00E2341A /* QuotesViewe_MVVVMUITests.xctest */ = {isa = PBXFileReference; explicitFileType = wrapper.cfbundle; includeInIndex = 0; path = QuotesViewe_MVVVMUITests.xctest; sourceTree = BUILT_PRODUCTS_DIR; };
/* End PBXFileReference section */

/* Begin PBXFileSystemSynchronizedRootGroup section */
		FABDD99C2EABF24900E2341A /* QuotesViewe_MVVVM */ = {
			isa = PBXFileSystemSynchronizedRootGroup;
			path = QuotesViewe_MVVVM;
			sourceTree = "<group>";
		};
		FABDD9AD2EABF24A00E2341A /* QuotesViewe_MVVVMTests */ = {
			isa = PBXFileSystemSynchronizedRootGroup;
			path = QuotesViewe_MVVVMTests;
			sourceTree = "<group>";
		};
		FABDD9B72EABF24A00E2341A /* QuotesViewe_MVVVMUITests */ = {
			isa = PBXFileSystemSynchronizedRootGroup;
			path = QuotesViewe_MVVVMUITests;
			sourceTree = "<group>";
		};
/* End PBXFileSystemSynchronizedRootGroup section */

/* Begin PBXFrameworksBuildPhase section */
		FABDD9972EABF24900E2341A /* Frameworks */ = {
			isa = PBXFrameworksBuildPhase;
			buildActionMask = 2147483647;
			files = (
			);
			runOnlyForDeploymentPostprocessing = 0;
		};
		FABDD9A72EABF24A00E2341A /* Frameworks */ = {
			isa = PBXFrameworksBuildPhase;
			buildActionMask = 2147483647;
			files = (
			);
			runOnlyForDeploymentPostprocessing = 0;
		};
		FABDD9B12EABF24A00E2341A /* Frameworks */ = {
			isa = PBXFrameworksBuildPhase;
			buildActionMask = 2147483647;
			files = (
			);
			runOnlyForDeploymentPostprocessing = 0;
		};
/* End PBXFrameworksBuildPhase section */

/* Begin PBXGroup section */
		FABDD9912EABF24900E2341A = {
			isa = PBXGroup;
			children = (
				FABDD99C2EABF24900E2341A /* QuotesViewe_MVVVM */,
				FABDD9AD2EABF24A00E2341A /* QuotesViewe_MVVVMTests */,
				FABDD9B72EABF24A00E2341A /* QuotesViewe_MVVVMUITests */,
				FABDD99B2EABF24900E2341A /* Products */,
			);
			sourceTree = "<group>";
		};
		FABDD99B2EABF24900E2341A /* Products */ = {
			isa = PBXGroup;
			children = (
				FABDD99A2EABF24900E2341A /* QuotesViewe_MVVVM.app */,
				FABDD9AA2EABF24A00E2341A /* QuotesViewe_MVVVMTests.xctest */,
				FABDD9B42EABF24A00E2341A /* QuotesViewe_MVVVMUITests.xctest */,
			);
			name = Products;
			sourceTree = "<group>";
		};
/* End PBXGroup section */

/* Begin PBXNativeTarget section */
		FABDD9992EABF24900E2341A /* QuotesViewe_MVVVM */ = {
			isa = PBXNativeTarget;
			buildConfigurationList = FABDD9BE2EABF24A00E2341A /* Build configuration list for PBXNativeTarget "QuotesViewe_MVVVM" */;
			buildPhases = (
				FABDD9962EABF24900E2341A /* Sources */,
				FABDD9972EABF24900E2341A /* Frameworks */,
				FABDD9982EABF24900E2341A /* Resources */,
			);
			buildRules = (
			);
			dependencies = (
			);
			fileSystemSynchronizedGroups = (
				FABDD99C2EABF24900E2341A /* QuotesViewe_MVVVM */,
			);
			name = QuotesViewe_MVVVM;
			packageProductDependencies = (
			);
			productName = QuotesViewe_MVVVM;
			productReference = FABDD99A2EABF24900E2341A /* QuotesViewe_MVVVM.app */;
			productType = "com.apple.product-type.application";
		};
		FABDD9A92EABF24A00E2341A /* QuotesViewe_MVVVMTests */ = {
			isa = PBXNativeTarget;
			buildConfigurationList = FABDD9C12EABF24A00E2341A /* Build configuration list for PBXNativeTarget "QuotesViewe_MVVVMTests" */;
			buildPhases = (
				FABDD9A62EABF24A00E2341A /* Sources */,
				FABDD9A72EABF24A00E2341A /* Frameworks */,
				FABDD9A82EABF24A00E2341A /* Resources */,
			);
			buildRules = (
			);
			dependencies = (
				FABDD9AC2EABF24A00E2341A /* PBXTargetDependency */,
			);
			fileSystemSynchronizedGroups = (
				FABDD9AD2EABF24A00E2341A /* QuotesViewe_MVVVMTests */,
			);
			name = QuotesViewe_MVVVMTests;
			packageProductDependencies = (
			);
			productName = QuotesViewe_MVVVMTests;
			productReference = FABDD9AA2EABF24A00E2341A /* QuotesViewe_MVVVMTests.xctest */;
			productType = "com.apple.product-type.bundle.unit-test";
		};
		FABDD9B32EABF24A00E2341A /* QuotesViewe_MVVVMUITests */ = {
			isa = PBXNativeTarget;
			buildConfigurationList = FABDD9C42EABF24A00E2341A /* Build configuration list for PBXNativeTarget "QuotesViewe_MVVVMUITests" */;
			buildPhases = (
				FABDD9B02EABF24A00E2341A /* Sources */,
				FABDD9B12EABF24A00E2341A /* Frameworks */,
				FABDD9B22EABF24A00E2341A /* Resources */,
			);
			buildRules = (
			);
			dependencies = (
				FABDD9B62EABF24A00E2341A /* PBXTargetDependency */,
			);
			fileSystemSynchronizedGroups = (
				FABDD9B72EABF24A00E2341A /* QuotesViewe_MVVVMUITests */,
			);
			name = QuotesViewe_MVVVMUITests;
			packageProductDependencies = (
			);
			productName = QuotesViewe_MVVVMUITests;
			productReference = FABDD9B42EABF24A00E2341A /* QuotesViewe_MVVVMUITests.xctest */;
			productType = "com.apple.product-type.bundle.ui-testing";
		};
/* End PBXNativeTarget section */

/* Begin PBXProject section */
		FABDD9922EABF24900E2341A /* Project object */ = {
			isa = PBXProject;
			attributes = {
				BuildIndependentTargetsInParallel = 1;
				LastSwiftUpdateCheck = 1610;
				LastUpgradeCheck = 1610;
				TargetAttributes = {
					FABDD9992EABF24900E2341A = {
						CreatedOnToolsVersion = 16.1;
					};
					FABDD9A92EABF24A00E2341A = {
						CreatedOnToolsVersion = 16.1;
						TestTargetID = FABDD9992EABF24900E2341A;
					};
					FABDD9B32EABF24A00E2341A = {
						CreatedOnToolsVersion = 16.1;
						TestTargetID = FABDD9992EABF24900E2341A;
					};
				};
			};
			buildConfigurationList = FABDD9952EABF24900E2341A /* Build configuration list for PBXProject "QuotesViewe_MVVVM" */;
			developmentRegion = en;
			hasScannedForEncodings = 0;
			knownRegions = (
				en,
				Base,
			);
			mainGroup = FABDD9912EABF24900E2341A;
			minimizedProjectReferenceProxies = 1;
			preferredProjectObjectVersion = 77;
			productRefGroup = FABDD99B2EABF24900E2341A /* Products */;
			projectDirPath = "";
			projectRoot = "";
			targets = (
				FABDD9992EABF24900E2341A /* QuotesViewe_MVVVM */,
				FABDD9A92EABF24A00E2341A /* QuotesViewe_MVVVMTests */,
				FABDD9B32EABF24A00E2341A /* QuotesViewe_MVVVMUITests */,
			);
		};
/* End PBXProject section */

/* Begin PBXResourcesBuildPhase section */
		FABDD9982EABF24900E2341A /* Resources */ = {
			isa = PBXResourcesBuildPhase;
			buildActionMask = 2147483647;
			files = (
			);
			runOnlyForDeploymentPostprocessing = 0;
		};
		FABDD9A82EABF24A00E2341A /* Resources */ = {
			isa = PBXResourcesBuildPhase;
			buildActionMask = 2147483647;
			files = (
			);
			runOnlyForDeploymentPostprocessing = 0;
		};
		FABDD9B22EABF24A00E2341A /* Resources */ = {
			isa = PBXResourcesBuildPhase;
			buildActionMask = 2147483647;
			files = (
			);
			runOnlyForDeploymentPostprocessing = 0;
		};
/* End PBXResourcesBuildPhase section */

/* Begin PBXSourcesBuildPhase section */
		FABDD9962EABF24900E2341A /* Sources */ = {
			isa = PBXSourcesBuildPhase;
			buildActionMask = 2147483647;
			files = (
			);
			runOnlyForDeploymentPostprocessing = 0;
		};
		FABDD9A62EABF24A00E2341A /* Sources */ = {
			isa = PBXSourcesBuildPhase;
			buildActionMask = 2147483647;
			files = (
			);
			runOnlyForDeploymentPostprocessing = 0;
		};
		FABDD9B02EABF24A00E2341A /* Sources */ = {
			isa = PBXSourcesBuildPhase;
			buildActionMask = 2147483647;
			files = (
			);
			runOnlyForDeploymentPostprocessing = 0;
		};
/* End PBXSourcesBuildPhase section */

/* Begin PBXTargetDependency section */
		FABDD9AC2EABF24A00E2341A /* PBXTargetDependency */ = {
			isa = PBXTargetDependency;
			target = FABDD9992EABF24900E2341A /* QuotesViewe_MVVVM */;
			targetProxy = FABDD9AB2EABF24A00E2341A /* PBXContainerItemProxy */;
		};
		FABDD9B62EABF24A00E2341A /* PBXTargetDependency */ = {
			isa = PBXTargetDependency;
			target = FABDD9992EABF24900E2341A /* QuotesViewe_MVVVM */;
			targetProxy = FABDD9B52EABF24A00E2341A /* PBXContainerItemProxy */;
		};
/* End PBXTargetDependency section */

/* Begin XCBuildConfiguration section */
		FABDD9BC2EABF24A00E2341A /* Debug */ = {
			isa = XCBuildConfiguration;
			buildSettings = {
				ALWAYS_SEARCH_USER_PATHS = NO;
				ASSETCATALOG_COMPILER_GENERATE_SWIFT_ASSET_SYMBOL_EXTENSIONS = YES;
				CLANG_ANALYZER_NONNULL = YES;
				CLANG_ANALYZER_NUMBER_OBJECT_CONVERSION = YES_AGGRESSIVE;
				CLANG_CXX_LANGUAGE_STANDARD = "gnu++20";
				CLANG_ENABLE_MODULES = YES;
				CLANG_ENABLE_OBJC_ARC = YES;
				CLANG_ENABLE_OBJC_WEAK = YES;
				CLANG_WARN_BLOCK_CAPTURE_AUTORELEASING = YES;
				CLANG_WARN_BOOL_CONVERSION = YES;
				CLANG_WARN_COMMA = YES;
				CLANG_WARN_CONSTANT_CONVERSION = YES;
				CLANG_WARN_DEPRECATED_OBJC_IMPLEMENTATIONS = YES;
				CLANG_WARN_DIRECT_OBJC_ISA_USAGE = YES_ERROR;
				CLANG_WARN_DOCUMENTATION_COMMENTS = YES;
				CLANG_WARN_EMPTY_BODY = YES;
				CLANG_WARN_ENUM_CONVERSION = YES;
				CLANG_WARN_INFINITE_RECURSION = YES;
				CLANG_WARN_INT_CONVERSION = YES;
				CLANG_WARN_NON_LITERAL_NULL_CONVERSION = YES;
				CLANG_WARN_OBJC_IMPLICIT_RETAIN_SELF = YES;
				CLANG_WARN_OBJC_LITERAL_CONVERSION = YES;
				CLANG_WARN_OBJC_ROOT_CLASS = YES_ERROR;
				CLANG_WARN_QUOTED_INCLUDE_IN_FRAMEWORK_HEADER = YES;
				CLANG_WARN_RANGE_LOOP_ANALYSIS = YES;
				CLANG_WARN_STRICT_PROTOTYPES = YES;
				CLANG_WARN_SUSPICIOUS_MOVE = YES;
				CLANG_WARN_UNGUARDED_AVAILABILITY = YES_AGGRESSIVE;
				CLANG_WARN_UNREACHABLE_CODE = YES;
				CLANG_WARN__DUPLICATE_METHOD_MATCH = YES;
				COPY_PHASE_STRIP = NO;
				DEBUG_INFORMATION_FORMAT = dwarf;
				ENABLE_STRICT_OBJC_MSGSEND = YES;
				ENABLE_TESTABILITY = YES;
				ENABLE_USER_SCRIPT_SANDBOXING = YES;
				GCC_C_LANGUAGE_STANDARD = gnu17;
				GCC_DYNAMIC_NO_PIC = NO;
				GCC_NO_COMMON_BLOCKS = YES;
				GCC_OPTIMIZATION_LEVEL = 0;
				GCC_PREPROCESSOR_DEFINITIONS = (
					"DEBUG=1",
					"$(inherited)",
				);
				GCC_WARN_64_TO_32_BIT_CONVERSION = YES;
				GCC_WARN_ABOUT_RETURN_TYPE = YES_ERROR;
				GCC_WARN_UNDECLARED_SELECTOR = YES;
				GCC_WARN_UNINITIALIZED_AUTOS = YES_AGGRESSIVE;
				GCC_WARN_UNUSED_FUNCTION = YES;
				GCC_WARN_UNUSED_VARIABLE = YES;
				IPHONEOS_DEPLOYMENT_TARGET = 18.1;
				LOCALIZATION_PREFERS_STRING_CATALOGS = YES;
				MTL_ENABLE_DEBUG_INFO = INCLUDE_SOURCE;
				MTL_FAST_MATH = YES;
				ONLY_ACTIVE_ARCH = YES;
				SDKROOT = iphoneos;
				SWIFT_ACTIVE_COMPILATION_CONDITIONS = "DEBUG $(inherited)";
				SWIFT_OPTIMIZATION_LEVEL = "-Onone";
			};
			name = Debug;
		};
		FABDD9BD2EABF24A00E2341A /* Release */ = {
			isa = XCBuildConfiguration;
			buildSettings = {
				ALWAYS_SEARCH_USER_PATHS = NO;
				ASSETCATALOG_COMPILER_GENERATE_SWIFT_ASSET_SYMBOL_EXTENSIONS = YES;
				CLANG_ANALYZER_NONNULL = YES;
				CLANG_ANALYZER_NUMBER_OBJECT_CONVERSION = YES_AGGRESSIVE;
				CLANG_CXX_LANGUAGE_STANDARD = "gnu++20";
				CLANG_ENABLE_MODULES = YES;
				CLANG_ENABLE_OBJC_ARC = YES;
				CLANG_ENABLE_OBJC_WEAK = YES;
				CLANG_WARN_BLOCK_CAPTURE_AUTORELEASING = YES;
				CLANG_WARN_BOOL_CONVERSION = YES;
				CLANG_WARN_COMMA = YES;
				CLANG_WARN_CONSTANT_CONVERSION = YES;
				CLANG_WARN_DEPRECATED_OBJC_IMPLEMENTATIONS = YES;
				CLANG_WARN_DIRECT_OBJC_ISA_USAGE = YES_ERROR;
				CLANG_WARN_DOCUMENTATION_COMMENTS = YES;
				CLANG_WARN_EMPTY_BODY = YES;
				CLANG_WARN_ENUM_CONVERSION = YES;
				CLANG_WARN_INFINITE_RECURSION = YES;
				CLANG_WARN_INT_CONVERSION = YES;
				CLANG_WARN_NON_LITERAL_NULL_CONVERSION = YES;
				CLANG_WARN_OBJC_IMPLICIT_RETAIN_SELF = YES;
				CLANG_WARN_OBJC_LITERAL_CONVERSION = YES;
				CLANG_WARN_OBJC_ROOT_CLASS = YES_ERROR;
				CLANG_WARN_QUOTED_INCLUDE_IN_FRAMEWORK_HEADER = YES;
				CLANG_WARN_RANGE_LOOP_ANALYSIS = YES;
				CLANG_WARN_STRICT_PROTOTYPES = YES;
				CLANG_WARN_SUSPICIOUS_MOVE = YES;
				CLANG_WARN_UNGUARDED_AVAILABILITY = YES_AGGRESSIVE;
				CLANG_WARN_UNREACHABLE_CODE = YES;
				CLANG_WARN__DUPLICATE_METHOD_MATCH = YES;
				COPY_PHASE_STRIP = NO;
				DEBUG_INFORMATION_FORMAT = "dwarf-with-dsym";
				ENABLE_NS_ASSERTIONS = NO;
				ENABLE_STRICT_OBJC_MSGSEND = YES;
				ENABLE_USER_SCRIPT_SANDBOXING = YES;
				GCC_C_LANGUAGE_STANDARD = gnu17;
				GCC_NO_COMMON_BLOCKS = YES;
				GCC_WARN_64_TO_32_BIT_CONVERSION = YES;
				GCC_WARN_ABOUT_RETURN_TYPE = YES_ERROR;
				GCC_WARN_UNDECLARED_SELECTOR = YES;
				GCC_WARN_UNINITIALIZED_AUTOS = YES_AGGRESSIVE;
				GCC_WARN_UNUSED_FUNCTION = YES;
				GCC_WARN_UNUSED_VARIABLE = YES;
				IPHONEOS_DEPLOYMENT_TARGET = 18.1;
				LOCALIZATION_PREFERS_STRING_CATALOGS = YES;
				MTL_ENABLE_DEBUG_INFO = NO;
				MTL_FAST_MATH = YES;
				SDKROOT = iphoneos;
				SWIFT_COMPILATION_MODE = wholemodule;
				VALIDATE_PRODUCT = YES;
			};
			name = Release;
		};
		FABDD9BF2EABF24A00E2341A /* Debug */ = {
			isa = XCBuildConfiguration;
			buildSettings = {
				ASSETCATALOG_COMPILER_APPICON_NAME = AppIcon;
				ASSETCATALOG_COMPILER_GLOBAL_ACCENT_COLOR_NAME = AccentColor;
				CODE_SIGN_STYLE = Automatic;
				CURRENT_PROJECT_VERSION = 1;
				DEVELOPMENT_ASSET_PATHS = "\"QuotesViewe_MVVVM/Preview Content\"";
				DEVELOPMENT_TEAM = 2MT9SQPSHC;
				ENABLE_PREVIEWS = YES;
				GENERATE_INFOPLIST_FILE = YES;
				INFOPLIST_KEY_UIApplicationSceneManifest_Generation = YES;
				INFOPLIST_KEY_UIApplicationSupportsIndirectInputEvents = YES;
				INFOPLIST_KEY_UILaunchScreen_Generation = YES;
				INFOPLIST_KEY_UISupportedInterfaceOrientations_iPad = "UIInterfaceOrientationPortrait UIInterfaceOrientationPortraitUpsideDown UIInterfaceOrientationLandscapeLeft UIInterfaceOrientationLandscapeRight";
				INFOPLIST_KEY_UISupportedInterfaceOrientations_iPhone = "UIInterfaceOrientationPortrait UIInterfaceOrientationLandscapeLeft UIInterfaceOrientationLandscapeRight";
				LD_RUNPATH_SEARCH_PATHS = (
					"$(inherited)",
					"@executable_path/Frameworks",
				);
				MARKETING_VERSION = 1.0;
				PRODUCT_BUNDLE_IDENTIFIER = "com.hazem.QuotesViewe-MVVVM";
				PRODUCT_NAME = "$(TARGET_NAME)";
				SWIFT_EMIT_LOC_STRINGS = YES;
				SWIFT_VERSION = 5.0;
				TARGETED_DEVICE_FAMILY = "1,2";
			};
			name = Debug;
		};
		FABDD9C02EABF24A00E2341A /* Release */ = {
			isa = XCBuildConfiguration;
			buildSettings = {
				ASSETCATALOG_COMPILER_APPICON_NAME = AppIcon;
				ASSETCATALOG_COMPILER_GLOBAL_ACCENT_COLOR_NAME = AccentColor;
				CODE_SIGN_STYLE = Automatic;
				CURRENT_PROJECT_VERSION = 1;
				DEVELOPMENT_ASSET_PATHS = "\"QuotesViewe_MVVVM/Preview Content\"";
				DEVELOPMENT_TEAM = 2MT9SQPSHC;
				ENABLE_PREVIEWS = YES;
				GENERATE_INFOPLIST_FILE = YES;
				INFOPLIST_KEY_UIApplicationSceneManifest_Generation = YES;
				INFOPLIST_KEY_UIApplicationSupportsIndirectInputEvents = YES;
				INFOPLIST_KEY_UILaunchScreen_Generation = YES;
				INFOPLIST_KEY_UISupportedInterfaceOrientations_iPad = "UIInterfaceOrientationPortrait UIInterfaceOrientationPortraitUpsideDown UIInterfaceOrientationLandscapeLeft UIInterfaceOrientationLandscapeRight";
				INFOPLIST_KEY_UISupportedInterfaceOrientations_iPhone = "UIInterfaceOrientationPortrait UIInterfaceOrientationLandscapeLeft UIInterfaceOrientationLandscapeRight";
				LD_RUNPATH_SEARCH_PATHS = (
					"$(inherited)",
					"@executable_path/Frameworks",
				);
				MARKETING_VERSION = 1.0;
				PRODUCT_BUNDLE_IDENTIFIER = "com.hazem.QuotesViewe-MVVVM";
				PRODUCT_NAME = "$(TARGET_NAME)";
				SWIFT_EMIT_LOC_STRINGS = YES;
				SWIFT_VERSION = 5.0;
				TARGETED_DEVICE_FAMILY = "1,2";
			};
			name = Release;
		};
		FABDD9C22EABF24A00E2341A /* Debug */ = {
			isa = XCBuildConfiguration;
			buildSettings = {
				BUNDLE_LOADER = "$(TEST_HOST)";
				CODE_SIGN_STYLE = Automatic;
				CURRENT_PROJECT_VERSION = 1;
				DEVELOPMENT_TEAM = 2MT9SQPSHC;
				GENERATE_INFOPLIST_FILE = YES;
				IPHONEOS_DEPLOYMENT_TARGET = 18.1;
				MARKETING_VERSION = 1.0;
				PRODUCT_BUNDLE_IDENTIFIER = "com.hazem.QuotesViewe-MVVVMTests";
				PRODUCT_NAME = "$(TARGET_NAME)";
				SWIFT_EMIT_LOC_STRINGS = NO;
				SWIFT_VERSION = 5.0;
				TARGETED_DEVICE_FAMILY = "1,2";
				TEST_HOST = "$(BUILT_PRODUCTS_DIR)/QuotesViewe_MVVVM.app/$(BUNDLE_EXECUTABLE_FOLDER_PATH)/QuotesViewe_MVVVM";
			};
			name = Debug;
		};
		FABDD9C32EABF24A00E2341A /* Release */ = {
			isa = XCBuildConfiguration;
			buildSettings = {
				BUNDLE_LOADER = "$(TEST_HOST)";
				CODE_SIGN_STYLE = Automatic;
				CURRENT_PROJECT_VERSION = 1;
				DEVELOPMENT_TEAM = 2MT9SQPSHC;
				GENERATE_INFOPLIST_FILE = YES;
				IPHONEOS_DEPLOYMENT_TARGET = 18.1;
				MARKETING_VERSION = 1.0;
				PRODUCT_BUNDLE_IDENTIFIER = "com.hazem.QuotesViewe-MVVVMTests";
				PRODUCT_NAME = "$(TARGET_NAME)";
				SWIFT_EMIT_LOC_STRINGS = NO;
				SWIFT_VERSION = 5.0;
				TARGETED_DEVICE_FAMILY = "1,2";
				TEST_HOST = "$(BUILT_PRODUCTS_DIR)/QuotesViewe_MVVVM.app/$(BUNDLE_EXECUTABLE_FOLDER_PATH)/QuotesViewe_MVVVM";
			};
			name = Release;
		};
		FABDD9C52EABF24A00E2341A /* Debug */ = {
			isa = XCBuildConfiguration;
			buildSettings = {
				CODE_SIGN_STYLE = Automatic;
				CURRENT_PROJECT_VERSION = 1;
				DEVELOPMENT_TEAM = 2MT9SQPSHC;
				GENERATE_INFOPLIST_FILE = YES;
				MARKETING_VERSION = 1.0;
				PRODUCT_BUNDLE_IDENTIFIER = "com.hazem.QuotesViewe-MVVVMUITests";
				PRODUCT_NAME = "$(TARGET_NAME)";
				SWIFT_EMIT_LOC_STRINGS = NO;
				SWIFT_VERSION = 5.0;
				TARGETED_DEVICE_FAMILY = "1,2";
				TEST_TARGET_NAME = QuotesViewe_MVVVM;
			};
			name = Debug;
		};
		FABDD9C62EABF24A00E2341A /* Release */ = {
			isa = XCBuildConfiguration;
			buildSettings = {
				CODE_SIGN_STYLE = Automatic;
				CURRENT_PROJECT_VERSION = 1;
				DEVELOPMENT_TEAM = 2MT9SQPSHC;
				GENERATE_INFOPLIST_FILE = YES;
				MARKETING_VERSION = 1.0;
				PRODUCT_BUNDLE_IDENTIFIER = "com.hazem.QuotesViewe-MVVVMUITests";
				PRODUCT_NAME = "$(TARGET_NAME)";
				SWIFT_EMIT_LOC_STRINGS = NO;
				SWIFT_VERSION = 5.0;
				TARGETED_DEVICE_FAMILY = "1,2";
				TEST_TARGET_NAME = QuotesViewe_MVVVM;
			};
			name = Release;
		};
/* End XCBuildConfiguration section */

/* Begin XCConfigurationList section */
		FABDD9952EABF24900E2341A /* Build configuration list for PBXProject "QuotesViewe_MVVVM" */ = {
			isa = XCConfigurationList;
			buildConfigurations = (
				FABDD9BC2EABF24A00E2341A /* Debug */,
				FABDD9BD2EABF24A00E2341A /* Release */,
			);
			defaultConfigurationIsVisible = 0;
			defaultConfigurationName = Release;
		};
		FABDD9BE2EABF24A00E2341A /* Build configuration list for PBXNativeTarget "QuotesViewe_MVVVM" */ = {
			isa = XCConfigurationList;
			buildConfigurations = (
				FABDD9BF2EABF24A00E2341A /* Debug */,
				FABDD9C02EABF24A00E2341A /* Release */,
			);
			defaultConfigurationIsVisible = 0;
			defaultConfigurationName = Release;
		};
		FABDD9C12EABF24A00E2341A /* Build configuration list for PBXNativeTarget "QuotesViewe_MVVVMTests" */ = {
			isa = XCConfigurationList;
			buildConfigurations = (
				FABDD9C22EABF24A00E2341A /* Debug */,
				FABDD9C32EABF24A00E2341A /* Release */,
			);
			defaultConfigurationIsVisible = 0;
			defaultConfigurationName = Release;
		};
		FABDD9C42EABF24A00E2341A /* Build configuration list for PBXNativeTarget "QuotesViewe_MVVVMUITests" */ = {
			isa = XCConfigurationList;
			buildConfigurations = (
				FABDD9C52EABF24A00E2341A /* Debug */,
				FABDD9C62EABF24A00E2341A /* Release */,
			);
			defaultConfigurationIsVisible = 0;
			defaultConfigurationName = Release;
		};
/* End XCConfigurationList section */
	};
	rootObject = FABDD9922EABF24900E2341A /* Project object */;
}
